
Microsoft Visual Studio Solution File, Format Version 12.00
# Visual Studio Version 17
VisualStudioVersion = 17.11.35327.3
MinimumVisualStudioVersion = 10.0.40219.1
Project("{FAE04EC0-301F-11D3-BF4B-00C04F79EFBC}") = "TestWebAPI", "TestWebAPI\TestWebAPI.csproj", "{95E864AE-311A-4A60-80DE-B1C51EC7303D}"
EndProject
Global
	GlobalSection(SolutionConfigurationPlatforms) = preSolution
		Debug|Any CPU = Debug|Any CPU
		Release|Any CPU = Release|Any CPU
	EndGlobalSection
	GlobalSection(ProjectConfigurationPlatforms) = postSolution
		{95E864AE-311A-4A60-80DE-B1C51EC7303D}.Debug|Any CPU.ActiveCfg = Debug|Any CPU
		{95E864AE-311A-4A60-80DE-B1C51EC7303D}.Debug|Any CPU.Build.0 = Debug|Any CPU
		{95E864AE-311A-4A60-80DE-B1C51EC7303D}.Release|Any CPU.ActiveCfg = Release|Any CPU
		{95E864AE-311A-4A60-80DE-B1C51EC7303D}.Release|Any CPU.Build.0 = Release|Any CPU
	EndGlobalSection
	GlobalSection(SolutionProperties) = preSolution
		HideSolutionNode = FALSE
	EndGlobalSection
	GlobalSection(ExtensibilityGlobals) = postSolution
		SolutionGuid = {385BC830-3365-4D88-9193-52503ED248A4}
	EndGlobalSection
EndGlobal
